# DO NOT EDIT MANUALLY - Managed by Fern Replay
version: "1.0"
generations:
  - commit_sha: 39a7d54340837b29aed0daeffb31db7d467abb03
    tree_hash: e0b6341f7c32e52e571ccec30f5e97241095f097
    timestamp: 2026-07-31T18:09:17.014Z
    cli_version: unknown
    generator_versions: {}
  - commit_sha: f95e20bb66fcb1adb8524ca25984bba2785152e7
    tree_hash: b44c438deb8753927164c420931d5e72f4b1e1c3
    timestamp: 2026-07-31T18:10:01.352Z
    cli_version: unknown
    generator_versions:
      fernapi/fern-java-sdk: 4.16.0
  - commit_sha: f4292c83e8eea9373a569f726ac0efc6eb9d5a07
    tree_hash: 082e60be6cfa9267bce6f94bea7fc594674a2282
    timestamp: 2026-08-16T18:20:57.582Z
    cli_version: unknown
    generator_versions:
      fernapi/fern-java-sdk: 4.16.0
  - commit_sha: b5f10a2f5475c86a7935470f56eb477d24a7ca7f
    tree_hash: c732ac6ea7bf69ae94acfc0a23a6d1da610bea2d
    timestamp: 2026-08-16T19:23:11.878Z
    cli_version: unknown
    generator_versions:
      fernapi/fern-java-sdk: 4.16.0
  - commit_sha: 2e85dcf1446d8d28cf45b97dac601543a18bafdf
    tree_hash: eeab9f9409d627abc1a057aff26be0065b34570c
    timestamp: 2026-09-02T05:17:09.876Z
    cli_version: unknown
    generator_versions:
      fernapi/fern-java-sdk: 4.16.0
current_generation: 2e85dcf1446d8d28cf45b97dac601543a18bafdf
patches: []
