# DO NOT EDIT MANUALLY - Managed by Fern Replay
version: "1.0"
generations:
  - commit_sha: 39a7d54340837b29aed0daeffb31db7d467abb03
    tree_hash: e0b6341f7c32e52e571ccec30f5e97241095f097
    timestamp: 2026-07-31T18:09:17.014Z
    cli_version: unknown
    generator_versions: {}
current_generation: 39a7d54340837b29aed0daeffb31db7d467abb03
patches: []
